{
  "name": "gcjam-solutions",
  "version": "1.0.0",
  "lockfileVersion": 2,
  "requires": true,
  "packages": {
    "": {
      "name": "gcjam-solutions",
      "version": "1.0.0",
      "license": "ISC",
      "dependencies": {
        "@nlisgo/gcjam": "^1.0.5"
      }
    },
    "node_modules/@nlisgo/gcjam": {
      "version": "1.0.5",
      "resolved": "https://registry.npmjs.org/@nlisgo/gcjam/-/gcjam-1.0.5.tgz",
      "integrity": "sha512-y3l6ya4PxiDtWoHGlMOvqWNc9uJk/AAhtgWrnMGJ97OJOH3bmr9mBDCxGMXkOtMuMu5/JX8uwvhNnXmeRAyiSw==",
      "bin": {
        "gcjam-create": "bin/create"
      }
    }
  },
  "dependencies": {
    "@nlisgo/gcjam": {
      "version": "1.0.5",
      "resolved": "https://registry.npmjs.org/@nlisgo/gcjam/-/gcjam-1.0.5.tgz",
      "integrity": "sha512-y3l6ya4PxiDtWoHGlMOvqWNc9uJk/AAhtgWrnMGJ97OJOH3bmr9mBDCxGMXkOtMuMu5/JX8uwvhNnXmeRAyiSw=="
    }
  }
}
